
Microsoft Visual Studio Solution File, Format Version 12.00
# Visual Studio Version 16
VisualStudioVersion = 16.0.31424.327
MinimumVisualStudioVersion = 10.0.40219.1
Project("{FAE04EC0-301F-11D3-BF4B-00C04F79EFBC}") = "Web", "Web\Web.csproj", "{FC97B512-F894-4263-B0AB-9FBC5B59E159}"
EndProject
Project("{FAE04EC0-301F-11D3-BF4B-00C04F79EFBC}") = "Core", "Core\Core.csproj", "{578BB5E4-2F98-4AFD-9516-669E4E491D68}"
EndProject
Project("{FAE04EC0-301F-11D3-BF4B-00C04F79EFBC}") = "Infrastructure", "Infrastructure\Infrastructure.csproj", "{67B6657D-A1F0-4DFF-BBC8-8C9037304406}"
EndProject
Global
	GlobalSection(SolutionConfigurationPlatforms) = preSolution
		Debug|Any CPU = Debug|Any CPU
		Release|Any CPU = Release|Any CPU
	EndGlobalSection
	GlobalSection(ProjectConfigurationPlatforms) = postSolution
		{FC97B512-F894-4263-B0AB-9FBC5B59E159}.Debug|Any CPU.ActiveCfg = Debug|Any CPU
		{FC97B512-F894-4263-B0AB-9FBC5B59E159}.Debug|Any CPU.Build.0 = Debug|Any CPU
		{FC97B512-F894-4263-B0AB-9FBC5B59E159}.Release|Any CPU.ActiveCfg = Release|Any CPU
		{FC97B512-F894-4263-B0AB-9FBC5B59E159}.Release|Any CPU.Build.0 = Release|Any CPU
		{578BB5E4-2F98-4AFD-9516-669E4E491D68}.Debug|Any CPU.ActiveCfg = Debug|Any CPU
		{578BB5E4-2F98-4AFD-9516-669E4E491D68}.Debug|Any CPU.Build.0 = Debug|Any CPU
		{578BB5E4-2F98-4AFD-9516-669E4E491D68}.Release|Any CPU.ActiveCfg = Release|Any CPU
		{578BB5E4-2F98-4AFD-9516-669E4E491D68}.Release|Any CPU.Build.0 = Release|Any CPU
		{67B6657D-A1F0-4DFF-BBC8-8C9037304406}.Debug|Any CPU.ActiveCfg = Debug|Any CPU
		{67B6657D-A1F0-4DFF-BBC8-8C9037304406}.Debug|Any CPU.Build.0 = Debug|Any CPU
		{67B6657D-A1F0-4DFF-BBC8-8C9037304406}.Release|Any CPU.ActiveCfg = Release|Any CPU
		{67B6657D-A1F0-4DFF-BBC8-8C9037304406}.Release|Any CPU.Build.0 = Release|Any CPU
	EndGlobalSection
	GlobalSection(SolutionProperties) = preSolution
		HideSolutionNode = FALSE
	EndGlobalSection
	GlobalSection(ExtensibilityGlobals) = postSolution
		SolutionGuid = {CC971116-70D2-4E49-B939-75DBE9A0BC07}
	EndGlobalSection
EndGlobal
